
Microsoft Visual Studio Solution File, Format Version 12.00
# Visual Studio Version 17
VisualStudioVersion = 17.5.002.0
MinimumVisualStudioVersion = 10.0.40219.1
Project("{9A19103F-16F7-4668-BE54-9A1E7A4F7556}") = "25-merge-two-list", "25-merge-two-list.csproj", "{62BF933E-7429-44F0-B37A-5CD475FB6BAF}"
EndProject
Global
	GlobalSection(SolutionConfigurationPlatforms) = preSolution
		Debug|Any CPU = Debug|Any CPU
		Release|Any CPU = Release|Any CPU
	EndGlobalSection
	GlobalSection(ProjectConfigurationPlatforms) = postSolution
		{62BF933E-7429-44F0-B37A-5CD475FB6BAF}.Debug|Any CPU.ActiveCfg = Debug|Any CPU
		{62BF933E-7429-44F0-B37A-5CD475FB6BAF}.Debug|Any CPU.Build.0 = Debug|Any CPU
		{62BF933E-7429-44F0-B37A-5CD475FB6BAF}.Release|Any CPU.ActiveCfg = Release|Any CPU
		{62BF933E-7429-44F0-B37A-5CD475FB6BAF}.Release|Any CPU.Build.0 = Release|Any CPU
	EndGlobalSection
	GlobalSection(SolutionProperties) = preSolution
		HideSolutionNode = FALSE
	EndGlobalSection
	GlobalSection(ExtensibilityGlobals) = postSolution
		SolutionGuid = {111D2BC5-0784-400B-B53B-5F58837C1843}
	EndGlobalSection
EndGlobal
