
Microsoft Visual Studio Solution File, Format Version 12.00
# Visual Studio Version 17
VisualStudioVersion = 17.5.002.0
MinimumVisualStudioVersion = 10.0.40219.1
Project("{9A19103F-16F7-4668-BE54-9A1E7A4F7556}") = "17-index-occurrence", "17-index-occurrence.csproj", "{8693F440-5365-41AB-B758-E315319C0372}"
EndProject
Global
	GlobalSection(SolutionConfigurationPlatforms) = preSolution
		Debug|Any CPU = Debug|Any CPU
		Release|Any CPU = Release|Any CPU
	EndGlobalSection
	GlobalSection(ProjectConfigurationPlatforms) = postSolution
		{8693F440-5365-41AB-B758-E315319C0372}.Debug|Any CPU.ActiveCfg = Debug|Any CPU
		{8693F440-5365-41AB-B758-E315319C0372}.Debug|Any CPU.Build.0 = Debug|Any CPU
		{8693F440-5365-41AB-B758-E315319C0372}.Release|Any CPU.ActiveCfg = Release|Any CPU
		{8693F440-5365-41AB-B758-E315319C0372}.Release|Any CPU.Build.0 = Release|Any CPU
	EndGlobalSection
	GlobalSection(SolutionProperties) = preSolution
		HideSolutionNode = FALSE
	EndGlobalSection
	GlobalSection(ExtensibilityGlobals) = postSolution
		SolutionGuid = {37946B13-0BFE-4FDA-ADC8-5150069FB5B1}
	EndGlobalSection
EndGlobal
