
Microsoft Visual Studio Solution File, Format Version 12.00
# Visual Studio Version 17
VisualStudioVersion = 17.5.002.0
MinimumVisualStudioVersion = 10.0.40219.1
Project("{9A19103F-16F7-4668-BE54-9A1E7A4F7556}") = "30-sumary-ranges", "30-sumary-ranges.csproj", "{101356B3-B067-4141-B6B1-71A69C9C215C}"
EndProject
Global
	GlobalSection(SolutionConfigurationPlatforms) = preSolution
		Debug|Any CPU = Debug|Any CPU
		Release|Any CPU = Release|Any CPU
	EndGlobalSection
	GlobalSection(ProjectConfigurationPlatforms) = postSolution
		{101356B3-B067-4141-B6B1-71A69C9C215C}.Debug|Any CPU.ActiveCfg = Debug|Any CPU
		{101356B3-B067-4141-B6B1-71A69C9C215C}.Debug|Any CPU.Build.0 = Debug|Any CPU
		{101356B3-B067-4141-B6B1-71A69C9C215C}.Release|Any CPU.ActiveCfg = Release|Any CPU
		{101356B3-B067-4141-B6B1-71A69C9C215C}.Release|Any CPU.Build.0 = Release|Any CPU
	EndGlobalSection
	GlobalSection(SolutionProperties) = preSolution
		HideSolutionNode = FALSE
	EndGlobalSection
	GlobalSection(ExtensibilityGlobals) = postSolution
		SolutionGuid = {EE451B65-1528-4F3A-B44F-2F1645C9C0AC}
	EndGlobalSection
EndGlobal
